
Microsoft Visual Studio Solution File, Format Version 11.00
# Visual Studio 2010
Project("{FAE04EC0-301F-11D3-BF4B-00C04F79EFBC}") = "YcJVectorMap", "YcJVectorMap\YcJVectorMap.csproj", "{BA1C706E-EB3D-48EA-B27B-A02F3D38A9A5}"
EndProject
Project("{FAE04EC0-301F-11D3-BF4B-00C04F79EFBC}") = "YcJVectorMap.Model", "YcJVectorMap.Model\YcJVectorMap.Model.csproj", "{BFAAF039-0DB5-4B5F-974C-2E751D982961}"
EndProject
Global
	GlobalSection(SolutionConfigurationPlatforms) = preSolution
		Debug|Any CPU = Debug|Any CPU
		Release|Any CPU = Release|Any CPU
	EndGlobalSection
	GlobalSection(ProjectConfigurationPlatforms) = postSolution
		{BA1C706E-EB3D-48EA-B27B-A02F3D38A9A5}.Debug|Any CPU.ActiveCfg = Debug|Any CPU
		{BA1C706E-EB3D-48EA-B27B-A02F3D38A9A5}.Debug|Any CPU.Build.0 = Debug|Any CPU
		{BA1C706E-EB3D-48EA-B27B-A02F3D38A9A5}.Release|Any CPU.ActiveCfg = Release|Any CPU
		{BA1C706E-EB3D-48EA-B27B-A02F3D38A9A5}.Release|Any CPU.Build.0 = Release|Any CPU
		{BFAAF039-0DB5-4B5F-974C-2E751D982961}.Debug|Any CPU.ActiveCfg = Debug|Any CPU
		{BFAAF039-0DB5-4B5F-974C-2E751D982961}.Debug|Any CPU.Build.0 = Debug|Any CPU
		{BFAAF039-0DB5-4B5F-974C-2E751D982961}.Release|Any CPU.ActiveCfg = Release|Any CPU
		{BFAAF039-0DB5-4B5F-974C-2E751D982961}.Release|Any CPU.Build.0 = Release|Any CPU
	EndGlobalSection
	GlobalSection(SolutionProperties) = preSolution
		HideSolutionNode = FALSE
	EndGlobalSection
EndGlobal
